// !$*UTF8*$!
{
	archiveVersion = 1;
	classes = {
	};
	objectVersion = 46;
	objects = {

/* Begin PBXBuildFile section */
		AA0F9A1518BD1A6F0093ECF8 /* US2BeaconManager.m in Sources */ = {isa = PBXBuildFile; fileRef = AA0F9A1418BD1A6F0093ECF8 /* US2BeaconManager.m */; };
		AA0F9A1B18BE03D10093ECF8 /* US2WayFinderViewController.m in Sources */ = {isa = PBXBuildFile; fileRef = AA0F9A1A18BE03D10093ECF8 /* US2WayFinderViewController.m */; };
		AA0F9A1E18BE10EE0093ECF8 /* TKStateMachine+US2Extensions.m in Sources */ = {isa = PBXBuildFile; fileRef = AA0F9A1D18BE10EE0093ECF8 /* TKStateMachine+US2Extensions.m */; };
		AA3E77E418C4C13A00C133EF /* turn-right.m4a in Resources */ = {isa = PBXBuildFile; fileRef = AA3E77E118C4C13A00C133EF /* turn-right.m4a */; };
		AA3E77E518C4C13A00C133EF /* turn-left.m4a in Resources */ = {isa = PBXBuildFile; fileRef = AA3E77E218C4C13A00C133EF /* turn-left.m4a */; };
		AA3E77E618C4C13A00C133EF /* exit-door-left.m4a in Resources */ = {isa = PBXBuildFile; fileRef = AA3E77E318C4C13A00C133EF /* exit-door-left.m4a */; };
		AA3E77E818C76B8F00C133EF /* almost-there.m4a in Resources */ = {isa = PBXBuildFile; fileRef = AA3E77E718C76B8F00C133EF /* almost-there.m4a */; };
		AA4E65A918BF80A10047FF58 /* US2ColorQueue.m in Sources */ = {isa = PBXBuildFile; fileRef = AA4E65A818BF80A10047FF58 /* US2ColorQueue.m */; };
		AA533E3918AD029E003BBD90 /* Foundation.framework in Frameworks */ = {isa = PBXBuildFile; fileRef = AA533E3818AD029E003BBD90 /* Foundation.framework */; };
		AA533E3B18AD029E003BBD90 /* CoreGraphics.framework in Frameworks */ = {isa = PBXBuildFile; fileRef = AA533E3A18AD029E003BBD90 /* CoreGraphics.framework */; };
		AA533E3D18AD029E003BBD90 /* UIKit.framework in Frameworks */ = {isa = PBXBuildFile; fileRef = AA533E3C18AD029E003BBD90 /* UIKit.framework */; };
		AA533E4318AD029E003BBD90 /* InfoPlist.strings in Resources */ = {isa = PBXBuildFile; fileRef = AA533E4118AD029E003BBD90 /* InfoPlist.strings */; };
		AA533E4518AD029E003BBD90 /* main.m in Sources */ = {isa = PBXBuildFile; fileRef = AA533E4418AD029E003BBD90 /* main.m */; };
		AA533E4918AD029E003BBD90 /* US2AppDelegate.m in Sources */ = {isa = PBXBuildFile; fileRef = AA533E4818AD029E003BBD90 /* US2AppDelegate.m */; };
		AA533E4C18AD029E003BBD90 /* Main.storyboard in Resources */ = {isa = PBXBuildFile; fileRef = AA533E4A18AD029E003BBD90 /* Main.storyboard */; };
		AA533E4F18AD029E003BBD90 /* US2DistancesViewController.m in Sources */ = {isa = PBXBuildFile; fileRef = AA533E4E18AD029E003BBD90 /* US2DistancesViewController.m */; };
		AA533E5118AD029E003BBD90 /* Images.xcassets in Resources */ = {isa = PBXBuildFile; fileRef = AA533E5018AD029E003BBD90 /* Images.xcassets */; };
		AABEEC8918B6500C00AD844F /* US2BeaconAnnotationView.m in Sources */ = {isa = PBXBuildFile; fileRef = AABEEC8818B6500C00AD844F /* US2BeaconAnnotationView.m */; };
		AAEC10A718AD059400EC9ED8 /* US2BeaconWrapper.m in Sources */ = {isa = PBXBuildFile; fileRef = AAEC10A618AD059400EC9ED8 /* US2BeaconWrapper.m */; };
		AAEC10AA18AD242600EC9ED8 /* US2BeaconBarView.m in Sources */ = {isa = PBXBuildFile; fileRef = AAEC10A918AD242600EC9ED8 /* US2BeaconBarView.m */; };
		AAEC10AF18AE72FB00EC9ED8 /* US2BeaconDataSingleton.m in Sources */ = {isa = PBXBuildFile; fileRef = AAEC10AE18AE72FB00EC9ED8 /* US2BeaconDataSingleton.m */; };
		AAEC10B218AE7CE200EC9ED8 /* US2TriliterationViewController.m in Sources */ = {isa = PBXBuildFile; fileRef = AAEC10B118AE7CE200EC9ED8 /* US2TriliterationViewController.m */; };
		AAF758BE18BE4A6100746F02 /* AVFoundation.framework in Frameworks */ = {isa = PBXBuildFile; fileRef = AAF758BD18BE4A6100746F02 /* AVFoundation.framework */; };
		D777BFC5413C4C98AC853E2C /* libPods-US2EstimoteDistances.a in Frameworks */ = {isa = PBXBuildFile; fileRef = BDD3A078A57546AF96599447 /* libPods-US2EstimoteDistances.a */; };
/* End PBXBuildFile section */

/* Begin PBXFileReference section */
		AA0F9A1318BD1A6F0093ECF8 /* US2BeaconManager.h */ = {isa = PBXFileReference; fileEncoding = 4; lastKnownFileType = sourcecode.c.h; path = US2BeaconManager.h; sourceTree = "<group>"; };
		AA0F9A1418BD1A6F0093ECF8 /* US2BeaconManager.m */ = {isa = PBXFileReference; fileEncoding = 4; lastKnownFileType = sourcecode.c.objc; path = US2BeaconManager.m; sourceTree = "<group>"; };
		AA0F9A1918BE03D10093ECF8 /* US2WayFinderViewController.h */ = {isa = PBXFileReference; fileEncoding = 4; lastKnownFileType = sourcecode.c.h; path = US2WayFinderViewController.h; sourceTree = "<group>"; };
		AA0F9A1A18BE03D10093ECF8 /* US2WayFinderViewController.m */ = {isa = PBXFileReference; fileEncoding = 4; lastKnownFileType = sourcecode.c.objc; path = US2WayFinderViewController.m; sourceTree = "<group>"; };
		AA0F9A1C18BE10EE0093ECF8 /* TKStateMachine+US2Extensions.h */ = {isa = PBXFileReference; fileEncoding = 4; lastKnownFileType = sourcecode.c.h; path = "TKStateMachine+US2Extensions.h"; sourceTree = "<group>"; };
		AA0F9A1D18BE10EE0093ECF8 /* TKStateMachine+US2Extensions.m */ = {isa = PBXFileReference; fileEncoding = 4; lastKnownFileType = sourcecode.c.objc; path = "TKStateMachine+US2Extensions.m"; sourceTree = "<group>"; };
		AA3E77E118C4C13A00C133EF /* turn-right.m4a */ = {isa = PBXFileReference; lastKnownFileType = file; path = "turn-right.m4a"; sourceTree = "<group>"; };
		AA3E77E218C4C13A00C133EF /* turn-left.m4a */ = {isa = PBXFileReference; lastKnownFileType = file; path = "turn-left.m4a"; sourceTree = "<group>"; };
		AA3E77E318C4C13A00C133EF /* exit-door-left.m4a */ = {isa = PBXFileReference; lastKnownFileType = file; path = "exit-door-left.m4a"; sourceTree = "<group>"; };
		AA3E77E718C76B8F00C133EF /* almost-there.m4a */ = {isa = PBXFileReference; lastKnownFileType = file; path = "almost-there.m4a"; sourceTree = "<group>"; };
		AA4E65A718BF80A10047FF58 /* US2ColorQueue.h */ = {isa = PBXFileReference; fileEncoding = 4; lastKnownFileType = sourcecode.c.h; path = US2ColorQueue.h; sourceTree = "<group>"; };
		AA4E65A818BF80A10047FF58 /* US2ColorQueue.m */ = {isa = PBXFileReference; fileEncoding = 4; lastKnownFileType = sourcecode.c.objc; path = US2ColorQueue.m; sourceTree = "<group>"; };
		AA533E3518AD029E003BBD90 /* US2EstimoteDistances.app */ = {isa = PBXFileReference; explicitFileType = wrapper.application; includeInIndex = 0; path = US2EstimoteDistances.app; sourceTree = BUILT_PRODUCTS_DIR; };
		AA533E3818AD029E003BBD90 /* Foundation.framework */ = {isa = PBXFileReference; lastKnownFileType = wrapper.framework; name = Foundation.framework; path = System/Library/Frameworks/Foundation.framework; sourceTree = SDKROOT; };
		AA533E3A18AD029E003BBD90 /* CoreGraphics.framework */ = {isa = PBXFileReference; lastKnownFileType = wrapper.framework; name = CoreGraphics.framework; path = System/Library/Frameworks/CoreGraphics.framework; sourceTree = SDKROOT; };
		AA533E3C18AD029E003BBD90 /* UIKit.framework */ = {isa = PBXFileReference; lastKnownFileType = wrapper.framework; name = UIKit.framework; path = System/Library/Frameworks/UIKit.framework; sourceTree = SDKROOT; };
		AA533E4018AD029E003BBD90 /* US2EstimoteDistances-Info.plist */ = {isa = PBXFileReference; lastKnownFileType = text.plist.xml; path = "US2EstimoteDistances-Info.plist"; sourceTree = "<group>"; };
		AA533E4218AD029E003BBD90 /* en */ = {isa = PBXFileReference; lastKnownFileType = text.plist.strings; name = en; path = en.lproj/InfoPlist.strings; sourceTree = "<group>"; };
		AA533E4418AD029E003BBD90 /* main.m */ = {isa = PBXFileReference; lastKnownFileType = sourcecode.c.objc; path = main.m; sourceTree = "<group>"; };
		AA533E4618AD029E003BBD90 /* US2EstimoteDistances-Prefix.pch */ = {isa = PBXFileReference; lastKnownFileType = sourcecode.c.h; path = "US2EstimoteDistances-Prefix.pch"; sourceTree = "<group>"; };
		AA533E4718AD029E003BBD90 /* US2AppDelegate.h */ = {isa = PBXFileReference; lastKnownFileType = sourcecode.c.h; path = US2AppDelegate.h; sourceTree = "<group>"; };
		AA533E4818AD029E003BBD90 /* US2AppDelegate.m */ = {isa = PBXFileReference; lastKnownFileType = sourcecode.c.objc; path = US2AppDelegate.m; sourceTree = "<group>"; };
		AA533E4B18AD029E003BBD90 /* Base */ = {isa = PBXFileReference; lastKnownFileType = file.storyboard; name = Base; path = Base.lproj/Main.storyboard; sourceTree = "<group>"; };
		AA533E4D18AD029E003BBD90 /* US2DistancesViewController.h */ = {isa = PBXFileReference; lastKnownFileType = sourcecode.c.h; path = US2DistancesViewController.h; sourceTree = "<group>"; };
		AA533E4E18AD029E003BBD90 /* US2DistancesViewController.m */ = {isa = PBXFileReference; lastKnownFileType = sourcecode.c.objc; path = US2DistancesViewController.m; sourceTree = "<group>"; };
		AA533E5018AD029E003BBD90 /* Images.xcassets */ = {isa = PBXFileReference; lastKnownFileType = folder.assetcatalog; path = Images.xcassets; sourceTree = "<group>"; };
		AA533E5718AD029E003BBD90 /* XCTest.framework */ = {isa = PBXFileReference; lastKnownFileType = wrapper.framework; name = XCTest.framework; path = Library/Frameworks/XCTest.framework; sourceTree = DEVELOPER_DIR; };
		AABEEC8718B6500C00AD844F /* US2BeaconAnnotationView.h */ = {isa = PBXFileReference; fileEncoding = 4; lastKnownFileType = sourcecode.c.h; path = US2BeaconAnnotationView.h; sourceTree = "<group>"; };
		AABEEC8818B6500C00AD844F /* US2BeaconAnnotationView.m */ = {isa = PBXFileReference; fileEncoding = 4; lastKnownFileType = sourcecode.c.objc; path = US2BeaconAnnotationView.m; sourceTree = "<group>"; };
		AAEC10A518AD059400EC9ED8 /* US2BeaconWrapper.h */ = {isa = PBXFileReference; fileEncoding = 4; lastKnownFileType = sourcecode.c.h; path = US2BeaconWrapper.h; sourceTree = "<group>"; };
		AAEC10A618AD059400EC9ED8 /* US2BeaconWrapper.m */ = {isa = PBXFileReference; fileEncoding = 4; lastKnownFileType = sourcecode.c.objc; path = US2BeaconWrapper.m; sourceTree = "<group>"; };
		AAEC10A818AD242600EC9ED8 /* US2BeaconBarView.h */ = {isa = PBXFileReference; fileEncoding = 4; lastKnownFileType = sourcecode.c.h; path = US2BeaconBarView.h; sourceTree = "<group>"; };
		AAEC10A918AD242600EC9ED8 /* US2BeaconBarView.m */ = {isa = PBXFileReference; fileEncoding = 4; lastKnownFileType = sourcecode.c.objc; path = US2BeaconBarView.m; sourceTree = "<group>"; };
		AAEC10AD18AE72FB00EC9ED8 /* US2BeaconDataSingleton.h */ = {isa = PBXFileReference; fileEncoding = 4; lastKnownFileType = sourcecode.c.h; path = US2BeaconDataSingleton.h; sourceTree = "<group>"; };
		AAEC10AE18AE72FB00EC9ED8 /* US2BeaconDataSingleton.m */ = {isa = PBXFileReference; fileEncoding = 4; lastKnownFileType = sourcecode.c.objc; path = US2BeaconDataSingleton.m; sourceTree = "<group>"; };
		AAEC10B018AE7CE200EC9ED8 /* US2TriliterationViewController.h */ = {isa = PBXFileReference; fileEncoding = 4; lastKnownFileType = sourcecode.c.h; path = US2TriliterationViewController.h; sourceTree = "<group>"; };
		AAEC10B118AE7CE200EC9ED8 /* US2TriliterationViewController.m */ = {isa = PBXFileReference; fileEncoding = 4; lastKnownFileType = sourcecode.c.objc; path = US2TriliterationViewController.m; sourceTree = "<group>"; };
		AAF758BD18BE4A6100746F02 /* AVFoundation.framework */ = {isa = PBXFileReference; lastKnownFileType = wrapper.framework; name = AVFoundation.framework; path = System/Library/Frameworks/AVFoundation.framework; sourceTree = SDKROOT; };
		BDD3A078A57546AF96599447 /* libPods-US2EstimoteDistances.a */ = {isa = PBXFileReference; explicitFileType = archive.ar; includeInIndex = 0; path = "libPods-US2EstimoteDistances.a"; sourceTree = BUILT_PRODUCTS_DIR; };
		F52BF9597E6E4799A8BFDCAF /* Pods-US2EstimoteDistances.xcconfig */ = {isa = PBXFileReference; includeInIndex = 1; lastKnownFileType = text.xcconfig; name = "Pods-US2EstimoteDistances.xcconfig"; path = "Pods/Pods-US2EstimoteDistances.xcconfig"; sourceTree = "<group>"; };
/* End PBXFileReference section */

/* Begin PBXFrameworksBuildPhase section */
		AA533E3218AD029E003BBD90 /* Frameworks */ = {
			isa = PBXFrameworksBuildPhase;
			buildActionMask = 2147483647;
			files = (
				AAF758BE18BE4A6100746F02 /* AVFoundation.framework in Frameworks */,
				AA533E3B18AD029E003BBD90 /* CoreGraphics.framework in Frameworks */,
				AA533E3D18AD029E003BBD90 /* UIKit.framework in Frameworks */,
				AA533E3918AD029E003BBD90 /* Foundation.framework in Frameworks */,
				D777BFC5413C4C98AC853E2C /* libPods-US2EstimoteDistances.a in Frameworks */,
			);
			runOnlyForDeploymentPostprocessing = 0;
		};
/* End PBXFrameworksBuildPhase section */

/* Begin PBXGroup section */
		AA0AFE6E18B5160A00E1C202 /* Model */ = {
			isa = PBXGroup;
			children = (
				AAEC10A518AD059400EC9ED8 /* US2BeaconWrapper.h */,
				AAEC10A618AD059400EC9ED8 /* US2BeaconWrapper.m */,
				AAEC10AD18AE72FB00EC9ED8 /* US2BeaconDataSingleton.h */,
				AAEC10AE18AE72FB00EC9ED8 /* US2BeaconDataSingleton.m */,
				AA0F9A1318BD1A6F0093ECF8 /* US2BeaconManager.h */,
				AA0F9A1418BD1A6F0093ECF8 /* US2BeaconManager.m */,
			);
			name = Model;
			sourceTree = "<group>";
		};
		AA0AFE6F18B5161100E1C202 /* View */ = {
			isa = PBXGroup;
			children = (
				AAEC10A818AD242600EC9ED8 /* US2BeaconBarView.h */,
				AAEC10A918AD242600EC9ED8 /* US2BeaconBarView.m */,
				AABEEC8718B6500C00AD844F /* US2BeaconAnnotationView.h */,
				AABEEC8818B6500C00AD844F /* US2BeaconAnnotationView.m */,
			);
			name = View;
			sourceTree = "<group>";
		};
		AA0AFE7018B5161D00E1C202 /* Controller */ = {
			isa = PBXGroup;
			children = (
				AA533E4D18AD029E003BBD90 /* US2DistancesViewController.h */,
				AA533E4E18AD029E003BBD90 /* US2DistancesViewController.m */,
				AAEC10B018AE7CE200EC9ED8 /* US2TriliterationViewController.h */,
				AAEC10B118AE7CE200EC9ED8 /* US2TriliterationViewController.m */,
				AA0F9A1918BE03D10093ECF8 /* US2WayFinderViewController.h */,
				AA0F9A1A18BE03D10093ECF8 /* US2WayFinderViewController.m */,
				AA0F9A1C18BE10EE0093ECF8 /* TKStateMachine+US2Extensions.h */,
				AA0F9A1D18BE10EE0093ECF8 /* TKStateMachine+US2Extensions.m */,
			);
			name = Controller;
			sourceTree = "<group>";
		};
		AA533E2C18AD029E003BBD90 = {
			isa = PBXGroup;
			children = (
				AA533E3E18AD029E003BBD90 /* US2EstimoteDistances */,
				AA533E3718AD029E003BBD90 /* Frameworks */,
				AA533E3618AD029E003BBD90 /* Products */,
				F52BF9597E6E4799A8BFDCAF /* Pods-US2EstimoteDistances.xcconfig */,
			);
			sourceTree = "<group>";
		};
		AA533E3618AD029E003BBD90 /* Products */ = {
			isa = PBXGroup;
			children = (
				AA533E3518AD029E003BBD90 /* US2EstimoteDistances.app */,
			);
			name = Products;
			sourceTree = "<group>";
		};
		AA533E3718AD029E003BBD90 /* Frameworks */ = {
			isa = PBXGroup;
			children = (
				AAF758BD18BE4A6100746F02 /* AVFoundation.framework */,
				AA533E3818AD029E003BBD90 /* Foundation.framework */,
				AA533E3A18AD029E003BBD90 /* CoreGraphics.framework */,
				AA533E3C18AD029E003BBD90 /* UIKit.framework */,
				AA533E5718AD029E003BBD90 /* XCTest.framework */,
				BDD3A078A57546AF96599447 /* libPods-US2EstimoteDistances.a */,
			);
			name = Frameworks;
			sourceTree = "<group>";
		};
		AA533E3E18AD029E003BBD90 /* US2EstimoteDistances */ = {
			isa = PBXGroup;
			children = (
				AA533E3F18AD029E003BBD90 /* Supporting Files */,
				AA0AFE6E18B5160A00E1C202 /* Model */,
				AA0AFE6F18B5161100E1C202 /* View */,
				AA0AFE7018B5161D00E1C202 /* Controller */,
			);
			path = US2EstimoteDistances;
			sourceTree = "<group>";
		};
		AA533E3F18AD029E003BBD90 /* Supporting Files */ = {
			isa = PBXGroup;
			children = (
				AAF758BF18BE4E3E00746F02 /* Audio */,
				AA533E4718AD029E003BBD90 /* US2AppDelegate.h */,
				AA533E4818AD029E003BBD90 /* US2AppDelegate.m */,
				AA533E4A18AD029E003BBD90 /* Main.storyboard */,
				AA533E5018AD029E003BBD90 /* Images.xcassets */,
				AA533E4018AD029E003BBD90 /* US2EstimoteDistances-Info.plist */,
				AA533E4118AD029E003BBD90 /* InfoPlist.strings */,
				AA533E4418AD029E003BBD90 /* main.m */,
				AA533E4618AD029E003BBD90 /* US2EstimoteDistances-Prefix.pch */,
				AA4E65A718BF80A10047FF58 /* US2ColorQueue.h */,
				AA4E65A818BF80A10047FF58 /* US2ColorQueue.m */,
			);
			name = "Supporting Files";
			sourceTree = "<group>";
		};
		AAF758BF18BE4E3E00746F02 /* Audio */ = {
			isa = PBXGroup;
			children = (
				AA3E77E718C76B8F00C133EF /* almost-there.m4a */,
				AA3E77E118C4C13A00C133EF /* turn-right.m4a */,
				AA3E77E218C4C13A00C133EF /* turn-left.m4a */,
				AA3E77E318C4C13A00C133EF /* exit-door-left.m4a */,
			);
			name = Audio;
			sourceTree = "<group>";
		};
/* End PBXGroup section */

/* Begin PBXNativeTarget section */
		AA533E3418AD029E003BBD90 /* US2EstimoteDistances */ = {
			isa = PBXNativeTarget;
			buildConfigurationList = AA533E6718AD029E003BBD90 /* Build configuration list for PBXNativeTarget "US2EstimoteDistances" */;
			buildPhases = (
				98FEA627ABC54AE69834399B /* Check Pods Manifest.lock */,
				AA533E3118AD029E003BBD90 /* Sources */,
				AA533E3218AD029E003BBD90 /* Frameworks */,
				AA533E3318AD029E003BBD90 /* Resources */,
				DD9B8EC8E30B497DA1F7C173 /* Copy Pods Resources */,
			);
			buildRules = (
			);
			dependencies = (
			);
			name = US2EstimoteDistances;
			productName = US2EstimoteDistances;
			productReference = AA533E3518AD029E003BBD90 /* US2EstimoteDistances.app */;
			productType = "com.apple.product-type.application";
		};
/* End PBXNativeTarget section */

/* Begin PBXProject section */
		AA533E2D18AD029E003BBD90 /* Project object */ = {
			isa = PBXProject;
			attributes = {
				CLASSPREFIX = US2;
				LastUpgradeCheck = 0500;
				ORGANIZATIONNAME = ustwo;
				TargetAttributes = {
					AA533E3418AD029E003BBD90 = {
						DevelopmentTeam = 8Z3V4F58RK;
					};
				};
			};
			buildConfigurationList = AA533E3018AD029E003BBD90 /* Build configuration list for PBXProject "US2EstimoteDistances" */;
			compatibilityVersion = "Xcode 3.2";
			developmentRegion = English;
			hasScannedForEncodings = 0;
			knownRegions = (
				en,
				Base,
			);
			mainGroup = AA533E2C18AD029E003BBD90;
			productRefGroup = AA533E3618AD029E003BBD90 /* Products */;
			projectDirPath = "";
			projectRoot = "";
			targets = (
				AA533E3418AD029E003BBD90 /* US2EstimoteDistances */,
			);
		};
/* End PBXProject section */

/* Begin PBXResourcesBuildPhase section */
		AA533E3318AD029E003BBD90 /* Resources */ = {
			isa = PBXResourcesBuildPhase;
			buildActionMask = 2147483647;
			files = (
				AA3E77E518C4C13A00C133EF /* turn-left.m4a in Resources */,
				AA533E5118AD029E003BBD90 /* Images.xcassets in Resources */,
				AA533E4318AD029E003BBD90 /* InfoPlist.strings in Resources */,
				AA3E77E618C4C13A00C133EF /* exit-door-left.m4a in Resources */,
				AA3E77E418C4C13A00C133EF /* turn-right.m4a in Resources */,
				AA3E77E818C76B8F00C133EF /* almost-there.m4a in Resources */,
				AA533E4C18AD029E003BBD90 /* Main.storyboard in Resources */,
			);
			runOnlyForDeploymentPostprocessing = 0;
		};
/* End PBXResourcesBuildPhase section */

/* Begin PBXShellScriptBuildPhase section */
		98FEA627ABC54AE69834399B /* Check Pods Manifest.lock */ = {
			isa = PBXShellScriptBuildPhase;
			buildActionMask = 2147483647;
			files = (
			);
			inputPaths = (
			);
			name = "Check Pods Manifest.lock";
			outputPaths = (
			);
			runOnlyForDeploymentPostprocessing = 0;
			shellPath = /bin/sh;
			shellScript = "diff \"${PODS_ROOT}/../Podfile.lock\" \"${PODS_ROOT}/Manifest.lock\" > /dev/null\nif [[ $? != 0 ]] ; then\n    cat << EOM\nerror: The sandbox is not in sync with the Podfile.lock. Run 'pod install' or update your CocoaPods installation.\nEOM\n    exit 1\nfi\n";
			showEnvVarsInLog = 0;
		};
		DD9B8EC8E30B497DA1F7C173 /* Copy Pods Resources */ = {
			isa = PBXShellScriptBuildPhase;
			buildActionMask = 2147483647;
			files = (
			);
			inputPaths = (
			);
			name = "Copy Pods Resources";
			outputPaths = (
			);
			runOnlyForDeploymentPostprocessing = 0;
			shellPath = /bin/sh;
			shellScript = "\"${SRCROOT}/Pods/Pods-US2EstimoteDistances-resources.sh\"\n";
			showEnvVarsInLog = 0;
		};
/* End PBXShellScriptBuildPhase section */

/* Begin PBXSourcesBuildPhase section */
		AA533E3118AD029E003BBD90 /* Sources */ = {
			isa = PBXSourcesBuildPhase;
			buildActionMask = 2147483647;
			files = (
				AAEC10AA18AD242600EC9ED8 /* US2BeaconBarView.m in Sources */,
				AA4E65A918BF80A10047FF58 /* US2ColorQueue.m in Sources */,
				AA0F9A1B18BE03D10093ECF8 /* US2WayFinderViewController.m in Sources */,
				AA0F9A1E18BE10EE0093ECF8 /* TKStateMachine+US2Extensions.m in Sources */,
				AAEC10A718AD059400EC9ED8 /* US2BeaconWrapper.m in Sources */,
				AAEC10AF18AE72FB00EC9ED8 /* US2BeaconDataSingleton.m in Sources */,
				AA533E4F18AD029E003BBD90 /* US2DistancesViewController.m in Sources */,
				AABEEC8918B6500C00AD844F /* US2BeaconAnnotationView.m in Sources */,
				AA0F9A1518BD1A6F0093ECF8 /* US2BeaconManager.m in Sources */,
				AAEC10B218AE7CE200EC9ED8 /* US2TriliterationViewController.m in Sources */,
				AA533E4518AD029E003BBD90 /* main.m in Sources */,
				AA533E4918AD029E003BBD90 /* US2AppDelegate.m in Sources */,
			);
			runOnlyForDeploymentPostprocessing = 0;
		};
/* End PBXSourcesBuildPhase section */

/* Begin PBXVariantGroup section */
		AA533E4118AD029E003BBD90 /* InfoPlist.strings */ = {
			isa = PBXVariantGroup;
			children = (
				AA533E4218AD029E003BBD90 /* en */,
			);
			name = InfoPlist.strings;
			sourceTree = "<group>";
		};
		AA533E4A18AD029E003BBD90 /* Main.storyboard */ = {
			isa = PBXVariantGroup;
			children = (
				AA533E4B18AD029E003BBD90 /* Base */,
			);
			name = Main.storyboard;
			sourceTree = "<group>";
		};
/* End PBXVariantGroup section */

/* Begin XCBuildConfiguration section */
		AA533E6518AD029E003BBD90 /* Debug */ = {
			isa = XCBuildConfiguration;
			buildSettings = {
				ALWAYS_SEARCH_USER_PATHS = NO;
				ARCHS = "$(ARCHS_STANDARD_INCLUDING_64_BIT)";
				CLANG_CXX_LANGUAGE_STANDARD = "gnu++0x";
				CLANG_CXX_LIBRARY = "libc++";
				CLANG_ENABLE_MODULES = YES;
				CLANG_ENABLE_OBJC_ARC = YES;
				CLANG_WARN_BOOL_CONVERSION = YES;
				CLANG_WARN_CONSTANT_CONVERSION = YES;
				CLANG_WARN_DIRECT_OBJC_ISA_USAGE = YES_ERROR;
				CLANG_WARN_EMPTY_BODY = YES;
				CLANG_WARN_ENUM_CONVERSION = YES;
				CLANG_WARN_INT_CONVERSION = YES;
				CLANG_WARN_OBJC_ROOT_CLASS = YES_ERROR;
				CLANG_WARN__DUPLICATE_METHOD_MATCH = YES;
				"CODE_SIGN_IDENTITY[sdk=iphoneos*]" = "iPhone Developer";
				COPY_PHASE_STRIP = NO;
				GCC_C_LANGUAGE_STANDARD = gnu99;
				GCC_DYNAMIC_NO_PIC = NO;
				GCC_OPTIMIZATION_LEVEL = 0;
				GCC_PREPROCESSOR_DEFINITIONS = (
					"DEBUG=1",
					"$(inherited)",
				);
				GCC_SYMBOLS_PRIVATE_EXTERN = NO;
				GCC_WARN_64_TO_32_BIT_CONVERSION = YES;
				GCC_WARN_ABOUT_RETURN_TYPE = YES_ERROR;
				GCC_WARN_UNDECLARED_SELECTOR = YES;
				GCC_WARN_UNINITIALIZED_AUTOS = YES;
				GCC_WARN_UNUSED_FUNCTION = YES;
				GCC_WARN_UNUSED_VARIABLE = YES;
				IPHONEOS_DEPLOYMENT_TARGET = 7.0;
				ONLY_ACTIVE_ARCH = YES;
				SDKROOT = iphoneos;
			};
			name = Debug;
		};
		AA533E6618AD029E003BBD90 /* Release */ = {
			isa = XCBuildConfiguration;
			buildSettings = {
				ALWAYS_SEARCH_USER_PATHS = NO;
				ARCHS = "$(ARCHS_STANDARD_INCLUDING_64_BIT)";
				CLANG_CXX_LANGUAGE_STANDARD = "gnu++0x";
				CLANG_CXX_LIBRARY = "libc++";
				CLANG_ENABLE_MODULES = YES;
				CLANG_ENABLE_OBJC_ARC = YES;
				CLANG_WARN_BOOL_CONVERSION = YES;
				CLANG_WARN_CONSTANT_CONVERSION = YES;
				CLANG_WARN_DIRECT_OBJC_ISA_USAGE = YES_ERROR;
				CLANG_WARN_EMPTY_BODY = YES;
				CLANG_WARN_ENUM_CONVERSION = YES;
				CLANG_WARN_INT_CONVERSION = YES;
				CLANG_WARN_OBJC_ROOT_CLASS = YES_ERROR;
				CLANG_WARN__DUPLICATE_METHOD_MATCH = YES;
				"CODE_SIGN_IDENTITY[sdk=iphoneos*]" = "iPhone Developer";
				COPY_PHASE_STRIP = YES;
				ENABLE_NS_ASSERTIONS = NO;
				GCC_C_LANGUAGE_STANDARD = gnu99;
				GCC_WARN_64_TO_32_BIT_CONVERSION = YES;
				GCC_WARN_ABOUT_RETURN_TYPE = YES_ERROR;
				GCC_WARN_UNDECLARED_SELECTOR = YES;
				GCC_WARN_UNINITIALIZED_AUTOS = YES;
				GCC_WARN_UNUSED_FUNCTION = YES;
				GCC_WARN_UNUSED_VARIABLE = YES;
				IPHONEOS_DEPLOYMENT_TARGET = 7.0;
				SDKROOT = iphoneos;
				VALIDATE_PRODUCT = YES;
			};
			name = Release;
		};
		AA533E6818AD029E003BBD90 /* Debug */ = {
			isa = XCBuildConfiguration;
			baseConfigurationReference = F52BF9597E6E4799A8BFDCAF /* Pods-US2EstimoteDistances.xcconfig */;
			buildSettings = {
				ASSETCATALOG_COMPILER_APPICON_NAME = AppIcon;
				ASSETCATALOG_COMPILER_LAUNCHIMAGE_NAME = LaunchImage;
				CODE_SIGN_IDENTITY = "iPhone Developer";
				"CODE_SIGN_IDENTITY[sdk=iphoneos*]" = "iPhone Developer";
				GCC_PRECOMPILE_PREFIX_HEADER = YES;
				GCC_PREFIX_HEADER = "US2EstimoteDistances/US2EstimoteDistances-Prefix.pch";
				INFOPLIST_FILE = "US2EstimoteDistances/US2EstimoteDistances-Info.plist";
				PRODUCT_NAME = "$(TARGET_NAME)";
				PROVISIONING_PROFILE = "";
				WRAPPER_EXTENSION = app;
			};
			name = Debug;
		};
		AA533E6918AD029E003BBD90 /* Release */ = {
			isa = XCBuildConfiguration;
			baseConfigurationReference = F52BF9597E6E4799A8BFDCAF /* Pods-US2EstimoteDistances.xcconfig */;
			buildSettings = {
				ASSETCATALOG_COMPILER_APPICON_NAME = AppIcon;
				ASSETCATALOG_COMPILER_LAUNCHIMAGE_NAME = LaunchImage;
				CODE_SIGN_IDENTITY = "iPhone Developer: Alexander Johansson (7VF7TEWKNS)";
				GCC_PRECOMPILE_PREFIX_HEADER = YES;
				GCC_PREFIX_HEADER = "US2EstimoteDistances/US2EstimoteDistances-Prefix.pch";
				INFOPLIST_FILE = "US2EstimoteDistances/US2EstimoteDistances-Info.plist";
				PRODUCT_NAME = "$(TARGET_NAME)";
				PROVISIONING_PROFILE = "";
				WRAPPER_EXTENSION = app;
			};
			name = Release;
		};
/* End XCBuildConfiguration section */

/* Begin XCConfigurationList section */
		AA533E3018AD029E003BBD90 /* Build configuration list for PBXProject "US2EstimoteDistances" */ = {
			isa = XCConfigurationList;
			buildConfigurations = (
				AA533E6518AD029E003BBD90 /* Debug */,
				AA533E6618AD029E003BBD90 /* Release */,
			);
			defaultConfigurationIsVisible = 0;
			defaultConfigurationName = Release;
		};
		AA533E6718AD029E003BBD90 /* Build configuration list for PBXNativeTarget "US2EstimoteDistances" */ = {
			isa = XCConfigurationList;
			buildConfigurations = (
				AA533E6818AD029E003BBD90 /* Debug */,
				AA533E6918AD029E003BBD90 /* Release */,
			);
			defaultConfigurationIsVisible = 0;
			defaultConfigurationName = Release;
		};
/* End XCConfigurationList section */
	};
	rootObject = AA533E2D18AD029E003BBD90 /* Project object */;
}
